<?xml version="1.0" encoding="utf-8"?>
<Project ToolsVersion="4.0" xmlns="http://schemas.microsoft.com/developer/msbuild/2003">
  <ItemGroup>
    <Filter Include="Source Files">
      <UniqueIdentifier>{4FC737F1-C7A5-4376-A066-2A32D752A2FF}</UniqueIdentifier>
      <Extensions>cpp;c;cc;cxx;def;odl;idl;hpj;bat;asm;asmx</Extensions>
    </Filter>
    <Filter Include="Header Files">
      <UniqueIdentifier>{93995380-89BD-4b04-88EB-625FBE52EBFB}</UniqueIdentifier>
      <Extensions>h;hh;hpp;hxx;hm;inl;inc;xsd</Extensions>
    </Filter>
    <Filter Include="Resource Files">
      <UniqueIdentifier>{67DA6AB6-F800-4c08-8B7A-83BB121AAD01}</UniqueIdentifier>
      <Extensions>rc;ico;cur;bmp;dlg;rc2;rct;bin;rgs;gif;jpg;jpeg;jpe;resx;tiff;tif;png;wav;mfcribbon-ms</Extensions>
    </Filter>
  </ItemGroup>
  <ItemGroup>
    <ClCompile Include="Hello_World.c">
      <Filter>Resource Files</Filter>
    </ClCompile>
    <ClCompile Include="Hello_World2.c">
      <Filter>Resource Files</Filter>
    </ClCompile>
    <ClCompile Include="Exercise1_1.c">
      <Filter>Resource Files</Filter>
    </ClCompile>
    <ClCompile Include="Exercise1_2.c">
      <Filter>Resource Files</Filter>
    </ClCompile>
    <ClCompile Include="Fahrenheit_Celsius_Table.c">
      <Filter>Resource Files</Filter>
    </ClCompile>
    <ClCompile Include="ConvertTemp.c">
      <Filter>Resource Files</Filter>
    </ClCompile>
    <ClCompile Include="Exercise1_3.c">
      <Filter>Resource Files</Filter>
    </ClCompile>
    <ClCompile Include="Exercise1_4.c">
      <Filter>Resource Files</Filter>
    </ClCompile>
    <ClCompile Include="ConvertTempUseFor.c">
      <Filter>Resource Files</Filter>
    </ClCompile>
    <ClCompile Include="Exercise1_5.c">
      <Filter>Resource Files</Filter>
    </ClCompile>
    <ClCompile Include="SymbolicContants.c">
      <Filter>Resource Files</Filter>
    </ClCompile>
    <ClCompile Include="FileCopyingVer1.c">
      <Filter>Resource Files</Filter>
    </ClCompile>
    <ClCompile Include="FileCopyingVer2.c">
      <Filter>Resource Files</Filter>
    </ClCompile>
    <ClCompile Include="Exercise1_6.c">
      <Filter>Resource Files</Filter>
    </ClCompile>
    <ClCompile Include="Exercise1_7.c">
      <Filter>Resource Files</Filter>
    </ClCompile>
    <ClCompile Include="CharacterCounting.c">
      <Filter>Resource Files</Filter>
    </ClCompile>
    <ClCompile Include="CharacterCounting2.c">
      <Filter>Resource Files</Filter>
    </ClCompile>
    <ClCompile Include="LineCounting.c">
      <Filter>Resource Files</Filter>
    </ClCompile>
    <ClCompile Include="Exercise1_8.c">
      <Filter>Resource Files</Filter>
    </ClCompile>
    <ClCompile Include="Exercise1_9.c">
      <Filter>Resource Files</Filter>
    </ClCompile>
    <ClCompile Include="Example1_10.c">
      <Filter>Resource Files</Filter>
    </ClCompile>
    <ClCompile Include="Word_Counting.c">
      <Filter>Resource Files</Filter>
    </ClCompile>
    <ClCompile Include="Eercise1_12.c">
      <Filter>Resource Files</Filter>
    </ClCompile>
    <ClCompile Include="Arrays.c">
      <Filter>Resource Files</Filter>
    </ClCompile>
    <ClCompile Include="Exercise1_13.c">
      <Filter>Resource Files</Filter>
    </ClCompile>
    <ClCompile Include="Exercise1_13_Ver2.c">
      <Filter>Resource Files</Filter>
    </ClCompile>
    <ClCompile Include="Exercise1_14.c">
      <Filter>Resource Files</Filter>
    </ClCompile>
    <ClCompile Include="Functions.c">
      <Filter>Resource Files</Filter>
    </ClCompile>
    <ClCompile Include="Exercise1_15.c">
      <Filter>Resource Files</Filter>
    </ClCompile>
    <ClCompile Include="PowerVer2.c">
      <Filter>Resource Files</Filter>
    </ClCompile>
    <ClCompile Include="CharacterArrays.c">
      <Filter>Resource Files</Filter>
    </ClCompile>
    <ClCompile Include="Exercise1_16.c">
      <Filter>Resource Files</Filter>
    </ClCompile>
    <ClCompile Include="Exercise1_17.c">
      <Filter>Resource Files</Filter>
    </ClCompile>
    <ClCompile Include="Exercise1_18.c">
      <Filter>Resource Files</Filter>
    </ClCompile>
    <ClCompile Include="Exercise1_19.c">
      <Filter>Resource Files</Filter>
    </ClCompile>
    <ClCompile Include="External_Variables_And_Scope.c">
      <Filter>Resource Files</Filter>
    </ClCompile>
    <ClCompile Include="Exercise1_20.c">
      <Filter>Resource Files</Filter>
    </ClCompile>
    <ClCompile Include="Exercise1_21.c">
      <Filter>Resource Files</Filter>
    </ClCompile>
    <ClCompile Include="Exercise1_21Ver2.c">
      <Filter>Resource Files</Filter>
    </ClCompile>
    <ClCompile Include="Exercise1_22.c">
      <Filter>Resource Files</Filter>
    </ClCompile>
    <ClCompile Include="Exercise1_23.c">
      <Filter>Resource Files</Filter>
    </ClCompile>
    <ClCompile Include="Exercise1_24.c">
      <Filter>Resource Files</Filter>
    </ClCompile>
  </ItemGroup>
</Project>